
Microsoft Visual Studio Solution File, Format Version 12.00
# Visual Studio Version 16
VisualStudioVersion = 16.0.28527.54
MinimumVisualStudioVersion = 10.0.40219.1
Project("{9A19103F-16F7-4668-BE54-9A1E7A4F7556}") = "Web", "Kindergarten.Web\Web.csproj", "{0F999F86-15D1-4DC4-9C5E-8EE743A513A2}"
EndProject
Project("{9A19103F-16F7-4668-BE54-9A1E7A4F7556}") = "Core", "Kindergarten.Core\Core.csproj", "{2EFA6432-E303-4CA6-9550-9F6420ED4C70}"
EndProject
Project("{9A19103F-16F7-4668-BE54-9A1E7A4F7556}") = "Database", "Kindergarten.Database\Database.csproj", "{B4106B75-7010-4C71-BA3C-0EE8F3B3A2B0}"
EndProject
Project("{FAE04EC0-301F-11D3-BF4B-00C04F79EFBC}") = "Model", "Kindergarten.Model\Model.csproj", "{8B2A666B-67E2-4A3D-9E8B-78D395AA9562}"
EndProject
Global
	GlobalSection(SolutionConfigurationPlatforms) = preSolution
		Debug|Any CPU = Debug|Any CPU
		Release|Any CPU = Release|Any CPU
	EndGlobalSection
	GlobalSection(ProjectConfigurationPlatforms) = postSolution
		{0F999F86-15D1-4DC4-9C5E-8EE743A513A2}.Debug|Any CPU.ActiveCfg = Debug|Any CPU
		{0F999F86-15D1-4DC4-9C5E-8EE743A513A2}.Debug|Any CPU.Build.0 = Debug|Any CPU
		{0F999F86-15D1-4DC4-9C5E-8EE743A513A2}.Release|Any CPU.ActiveCfg = Release|Any CPU
		{0F999F86-15D1-4DC4-9C5E-8EE743A513A2}.Release|Any CPU.Build.0 = Release|Any CPU
		{2EFA6432-E303-4CA6-9550-9F6420ED4C70}.Debug|Any CPU.ActiveCfg = Debug|Any CPU
		{2EFA6432-E303-4CA6-9550-9F6420ED4C70}.Debug|Any CPU.Build.0 = Debug|Any CPU
		{2EFA6432-E303-4CA6-9550-9F6420ED4C70}.Release|Any CPU.ActiveCfg = Release|Any CPU
		{2EFA6432-E303-4CA6-9550-9F6420ED4C70}.Release|Any CPU.Build.0 = Release|Any CPU
		{B4106B75-7010-4C71-BA3C-0EE8F3B3A2B0}.Debug|Any CPU.ActiveCfg = Debug|Any CPU
		{B4106B75-7010-4C71-BA3C-0EE8F3B3A2B0}.Debug|Any CPU.Build.0 = Debug|Any CPU
		{B4106B75-7010-4C71-BA3C-0EE8F3B3A2B0}.Release|Any CPU.ActiveCfg = Release|Any CPU
		{B4106B75-7010-4C71-BA3C-0EE8F3B3A2B0}.Release|Any CPU.Build.0 = Release|Any CPU
		{8B2A666B-67E2-4A3D-9E8B-78D395AA9562}.Debug|Any CPU.ActiveCfg = Debug|Any CPU
		{8B2A666B-67E2-4A3D-9E8B-78D395AA9562}.Debug|Any CPU.Build.0 = Debug|Any CPU
		{8B2A666B-67E2-4A3D-9E8B-78D395AA9562}.Release|Any CPU.ActiveCfg = Release|Any CPU
		{8B2A666B-67E2-4A3D-9E8B-78D395AA9562}.Release|Any CPU.Build.0 = Release|Any CPU
	EndGlobalSection
	GlobalSection(SolutionProperties) = preSolution
		HideSolutionNode = FALSE
	EndGlobalSection
	GlobalSection(ExtensibilityGlobals) = postSolution
		SolutionGuid = {5515837D-2B9C-42D0-A2D5-BEA955BF3E42}
	EndGlobalSection
EndGlobal
